Microsoft Visual Studio Solution File, Format Version 12.00
# Visual Studio Version 17
VisualStudioVersion = 17.5.2.0
MinimumVisualStudioVersion = 10.0.40219.1
Project("{2150E333-8FDC-42A3-9474-1A3956D46DE8}") = "srcCode", "srcCode", "{C9648C43-18B0-8E49-EDA9-298102FABF50}"
EndProject
Project("{FAE04EC0-301F-11D3-BF4B-00C04F79EFBC}") = "LittleFlowerERP", "srcCode\LittleFlowerERP\LittleFlowerERP.csproj", "{F26D4747-BCA7-3A40-B322-432F4CD28938}"
EndProject
Global
	GlobalSection(SolutionConfigurationPlatforms) = preSolution
		Debug|Any CPU = Debug|Any CPU
		Release|Any CPU = Release|Any CPU
	EndGlobalSection
	GlobalSection(ProjectConfigurationPlatforms) = postSolution
		{F26D4747-BCA7-3A40-B322-432F4CD28938}.Debug|Any CPU.ActiveCfg = Debug|Any CPU
		{F26D4747-BCA7-3A40-B322-432F4CD28938}.Debug|Any CPU.Build.0 = Debug|Any CPU
		{F26D4747-BCA7-3A40-B322-432F4CD28938}.Release|Any CPU.ActiveCfg = Release|Any CPU
		{F26D4747-BCA7-3A40-B322-432F4CD28938}.Release|Any CPU.Build.0 = Release|Any CPU
	EndGlobalSection
	GlobalSection(SolutionProperties) = preSolution
		HideSolutionNode = FALSE
	EndGlobalSection
	GlobalSection(NestedProjects) = preSolution
		{F26D4747-BCA7-3A40-B322-432F4CD28938} = {C9648C43-18B0-8E49-EDA9-298102FABF50}
	EndGlobalSection
	GlobalSection(ExtensibilityGlobals) = postSolution
		SolutionGuid = {730196FB-F784-4C23-BA2F-65F9F94651AE}
	EndGlobalSection
EndGlobal
